// !$*UTF8*$!
{
	archiveVersion = 1;
	classes = {
	};
	objectVersion = 51;
	objects = {

/* Begin PBXBuildFile section */
		81BCE814DE2EE03F40C495C8 /* Pods_ChatApplication.framework in Frameworks */ = {isa = PBXBuildFile; fileRef = BC93A021F6316C0EA261334F /* Pods_ChatApplication.framework */; };
		F6440ECA24A77B5800FB7A1F /* Message.swift in Sources */ = {isa = PBXBuildFile; fileRef = F6440EC924A77B5800FB7A1F /* Message.swift */; };
		F689AF9724A9F29B00E87180 /* Spinner.swift in Sources */ = {isa = PBXBuildFile; fileRef = F689AF9624A9F29B00E87180 /* Spinner.swift */; };
		F6A4E79C2499E5A50032798F /* AppDelegate.swift in Sources */ = {isa = PBXBuildFile; fileRef = F6A4E79B2499E5A50032798F /* AppDelegate.swift */; };
		F6A4E79E2499E5A50032798F /* SceneDelegate.swift in Sources */ = {isa = PBXBuildFile; fileRef = F6A4E79D2499E5A50032798F /* SceneDelegate.swift */; };
		F6A4E7A02499E5A50032798F /* ViewController.swift in Sources */ = {isa = PBXBuildFile; fileRef = F6A4E79F2499E5A50032798F /* ViewController.swift */; };
		F6A4E7A32499E5A50032798F /* Main.storyboard in Resources */ = {isa = PBXBuildFile; fileRef = F6A4E7A12499E5A50032798F /* Main.storyboard */; };
		F6A4E7A62499E5A50032798F /* ChatApplication.xcdatamodeld in Sources */ = {isa = PBXBuildFile; fileRef = F6A4E7A42499E5A50032798F /* ChatApplication.xcdatamodeld */; };
		F6A4E7A82499E5A90032798F /* Assets.xcassets in Resources */ = {isa = PBXBuildFile; fileRef = F6A4E7A72499E5A90032798F /* Assets.xcassets */; };
		F6A4E7AB2499E5A90032798F /* LaunchScreen.storyboard in Resources */ = {isa = PBXBuildFile; fileRef = F6A4E7A92499E5A90032798F /* LaunchScreen.storyboard */; };
		F6A4E7B3249A0E580032798F /* ChatsVC.swift in Sources */ = {isa = PBXBuildFile; fileRef = F6A4E7B2249A0E580032798F /* ChatsVC.swift */; };
		F6A4E7B5249A0E670032798F /* MessagesVC.swift in Sources */ = {isa = PBXBuildFile; fileRef = F6A4E7B4249A0E670032798F /* MessagesVC.swift */; };
		F6A4E7B7249A0E8D0032798F /* ChatsTableViewCell.swift in Sources */ = {isa = PBXBuildFile; fileRef = F6A4E7B6249A0E8D0032798F /* ChatsTableViewCell.swift */; };
		F6A4E7B9249A0E9D0032798F /* MessagesTableViewCell.swift in Sources */ = {isa = PBXBuildFile; fileRef = F6A4E7B8249A0E9D0032798F /* MessagesTableViewCell.swift */; };
		F6A4E7BB249A537F0032798F /* User.swift in Sources */ = {isa = PBXBuildFile; fileRef = F6A4E7BA249A537F0032798F /* User.swift */; };
		F6A4E7BD24A1C5030032798F /* PubNubHelper.swift in Sources */ = {isa = PBXBuildFile; fileRef = F6A4E7BC24A1C5020032798F /* PubNubHelper.swift */; };
/* End PBXBuildFile section */

/* Begin PBXFileReference section */
		6B0B7C39C4B3857B392EEE72 /* Pods-ChatApplication.release.xcconfig */ = {isa = PBXFileReference; includeInIndex = 1; lastKnownFileType = text.xcconfig; name = "Pods-ChatApplication.release.xcconfig"; path = "Target Support Files/Pods-ChatApplication/Pods-ChatApplication.release.xcconfig"; sourceTree = "<group>"; };
		BC93A021F6316C0EA261334F /* Pods_ChatApplication.framework */ = {isa = PBXFileReference; explicitFileType = wrapper.framework; includeInIndex = 0; path = Pods_ChatApplication.framework; sourceTree = BUILT_PRODUCTS_DIR; };
		BCB4D04C81B281131051542A /* Pods-ChatApplication.debug.xcconfig */ = {isa = PBXFileReference; includeInIndex = 1; lastKnownFileType = text.xcconfig; name = "Pods-ChatApplication.debug.xcconfig"; path = "Target Support Files/Pods-ChatApplication/Pods-ChatApplication.debug.xcconfig"; sourceTree = "<group>"; };
		F6440EC924A77B5800FB7A1F /* Message.swift */ = {isa = PBXFileReference; lastKnownFileType = sourcecode.swift; path = Message.swift; sourceTree = "<group>"; };
		F689AF9624A9F29B00E87180 /* Spinner.swift */ = {isa = PBXFileReference; lastKnownFileType = sourcecode.swift; path = Spinner.swift; sourceTree = "<group>"; };
		F6A4E7982499E5A50032798F /* ChatApplication.app */ = {isa = PBXFileReference; explicitFileType = wrapper.application; includeInIndex = 0; path = ChatApplication.app; sourceTree = BUILT_PRODUCTS_DIR; };
		F6A4E79B2499E5A50032798F /* AppDelegate.swift */ = {isa = PBXFileReference; lastKnownFileType = sourcecode.swift; path = AppDelegate.swift; sourceTree = "<group>"; };
		F6A4E79D2499E5A50032798F /* SceneDelegate.swift */ = {isa = PBXFileReference; lastKnownFileType = sourcecode.swift; path = SceneDelegate.swift; sourceTree = "<group>"; };
		F6A4E79F2499E5A50032798F /* ViewController.swift */ = {isa = PBXFileReference; lastKnownFileType = sourcecode.swift; path = ViewController.swift; sourceTree = "<group>"; };
		F6A4E7A22499E5A50032798F /* Base */ = {isa = PBXFileReference; lastKnownFileType = file.storyboard; name = Base; path = Base.lproj/Main.storyboard; sourceTree = "<group>"; };
		F6A4E7A52499E5A50032798F /* ChatApplication.xcdatamodel */ = {isa = PBXFileReference; lastKnownFileType = wrapper.xcdatamodel; path = ChatApplication.xcdatamodel; sourceTree = "<group>"; };
		F6A4E7A72499E5A90032798F /* Assets.xcassets */ = {isa = PBXFileReference; lastKnownFileType = folder.assetcatalog; path = Assets.xcassets; sourceTree = "<group>"; };
		F6A4E7AA2499E5A90032798F /* Base */ = {isa = PBXFileReference; lastKnownFileType = file.storyboard; name = Base; path = Base.lproj/LaunchScreen.storyboard; sourceTree = "<group>"; };
		F6A4E7AC2499E5A90032798F /* Info.plist */ = {isa = PBXFileReference; lastKnownFileType = text.plist.xml; path = Info.plist; sourceTree = "<group>"; };
		F6A4E7B2249A0E580032798F /* ChatsVC.swift */ = {isa = PBXFileReference; lastKnownFileType = sourcecode.swift; path = ChatsVC.swift; sourceTree = "<group>"; };
		F6A4E7B4249A0E670032798F /* MessagesVC.swift */ = {isa = PBXFileReference; lastKnownFileType = sourcecode.swift; path = MessagesVC.swift; sourceTree = "<group>"; };
		F6A4E7B6249A0E8D0032798F /* ChatsTableViewCell.swift */ = {isa = PBXFileReference; lastKnownFileType = sourcecode.swift; path = ChatsTableViewCell.swift; sourceTree = "<group>"; };
		F6A4E7B8249A0E9D0032798F /* MessagesTableViewCell.swift */ = {isa = PBXFileReference; lastKnownFileType = sourcecode.swift; path = MessagesTableViewCell.swift; sourceTree = "<group>"; };
		F6A4E7BA249A537F0032798F /* User.swift */ = {isa = PBXFileReference; lastKnownFileType = sourcecode.swift; path = User.swift; sourceTree = "<group>"; };
		F6A4E7BC24A1C5020032798F /* PubNubHelper.swift */ = {isa = PBXFileReference; lastKnownFileType = sourcecode.swift; path = PubNubHelper.swift; sourceTree = "<group>"; };
/* End PBXFileReference section */

/* Begin PBXFrameworksBuildPhase section */
		F6A4E7952499E5A50032798F /* Frameworks */ = {
			isa = PBXFrameworksBuildPhase;
			buildActionMask = 2147483647;
			files = (
				81BCE814DE2EE03F40C495C8 /* Pods_ChatApplication.framework in Frameworks */,
			);
			runOnlyForDeploymentPostprocessing = 0;
		};
/* End PBXFrameworksBuildPhase section */

/* Begin PBXGroup section */
		14F3CBB4DA97CAA0E9D45A11 /* Pods */ = {
			isa = PBXGroup;
			children = (
				BCB4D04C81B281131051542A /* Pods-ChatApplication.debug.xcconfig */,
				6B0B7C39C4B3857B392EEE72 /* Pods-ChatApplication.release.xcconfig */,
			);
			path = Pods;
			sourceTree = "<group>";
		};
		1E7140CA5F23217E4F99DC21 /* Frameworks */ = {
			isa = PBXGroup;
			children = (
				BC93A021F6316C0EA261334F /* Pods_ChatApplication.framework */,
			);
			name = Frameworks;
			sourceTree = "<group>";
		};
		F6A4E78F2499E5A50032798F = {
			isa = PBXGroup;
			children = (
				F6A4E79A2499E5A50032798F /* ChatApplication */,
				F6A4E7992499E5A50032798F /* Products */,
				14F3CBB4DA97CAA0E9D45A11 /* Pods */,
				1E7140CA5F23217E4F99DC21 /* Frameworks */,
			);
			sourceTree = "<group>";
		};
		F6A4E7992499E5A50032798F /* Products */ = {
			isa = PBXGroup;
			children = (
				F6A4E7982499E5A50032798F /* ChatApplication.app */,
			);
			name = Products;
			sourceTree = "<group>";
		};
		F6A4E79A2499E5A50032798F /* ChatApplication */ = {
			isa = PBXGroup;
			children = (
				F6A4E79B2499E5A50032798F /* AppDelegate.swift */,
				F6A4E79D2499E5A50032798F /* SceneDelegate.swift */,
				F6A4E79F2499E5A50032798F /* ViewController.swift */,
				F6A4E7BC24A1C5020032798F /* PubNubHelper.swift */,
				F6A4E7A12499E5A50032798F /* Main.storyboard */,
				F6A4E7B2249A0E580032798F /* ChatsVC.swift */,
				F689AF9624A9F29B00E87180 /* Spinner.swift */,
				F6A4E7BA249A537F0032798F /* User.swift */,
				F6440EC924A77B5800FB7A1F /* Message.swift */,
				F6A4E7B4249A0E670032798F /* MessagesVC.swift */,
				F6A4E7B6249A0E8D0032798F /* ChatsTableViewCell.swift */,
				F6A4E7B8249A0E9D0032798F /* MessagesTableViewCell.swift */,
				F6A4E7A72499E5A90032798F /* Assets.xcassets */,
				F6A4E7A92499E5A90032798F /* LaunchScreen.storyboard */,
				F6A4E7AC2499E5A90032798F /* Info.plist */,
				F6A4E7A42499E5A50032798F /* ChatApplication.xcdatamodeld */,
			);
			path = ChatApplication;
			sourceTree = "<group>";
		};
/* End PBXGroup section */

/* Begin PBXNativeTarget section */
		F6A4E7972499E5A50032798F /* ChatApplication */ = {
			isa = PBXNativeTarget;
			buildConfigurationList = F6A4E7AF2499E5A90032798F /* Build configuration list for PBXNativeTarget "ChatApplication" */;
			buildPhases = (
				D2C7044EA91284C3B305B6A0 /* [CP] Check Pods Manifest.lock */,
				F6A4E7942499E5A50032798F /* Sources */,
				F6A4E7952499E5A50032798F /* Frameworks */,
				F6A4E7962499E5A50032798F /* Resources */,
				D53F5903F63077C7AA3DD544 /* [CP] Embed Pods Frameworks */,
			);
			buildRules = (
			);
			dependencies = (
			);
			name = ChatApplication;
			productName = ChatApplication;
			productReference = F6A4E7982499E5A50032798F /* ChatApplication.app */;
			productType = "com.apple.product-type.application";
		};
/* End PBXNativeTarget section */

/* Begin PBXProject section */
		F6A4E7902499E5A50032798F /* Project object */ = {
			isa = PBXProject;
			attributes = {
				LastSwiftUpdateCheck = 1150;
				LastUpgradeCheck = 1150;
				ORGANIZATIONNAME = infiny;
				TargetAttributes = {
					F6A4E7972499E5A50032798F = {
						CreatedOnToolsVersion = 11.5;
					};
				};
			};
			buildConfigurationList = F6A4E7932499E5A50032798F /* Build configuration list for PBXProject "ChatApplication" */;
			compatibilityVersion = "Xcode 9.3";
			developmentRegion = en;
			hasScannedForEncodings = 0;
			knownRegions = (
				en,
				Base,
			);
			mainGroup = F6A4E78F2499E5A50032798F;
			productRefGroup = F6A4E7992499E5A50032798F /* Products */;
			projectDirPath = "";
			projectRoot = "";
			targets = (
				F6A4E7972499E5A50032798F /* ChatApplication */,
			);
		};
/* End PBXProject section */

/* Begin PBXResourcesBuildPhase section */
		F6A4E7962499E5A50032798F /* Resources */ = {
			isa = PBXResourcesBuildPhase;
			buildActionMask = 2147483647;
			files = (
				F6A4E7AB2499E5A90032798F /* LaunchScreen.storyboard in Resources */,
				F6A4E7A82499E5A90032798F /* Assets.xcassets in Resources */,
				F6A4E7A32499E5A50032798F /* Main.storyboard in Resources */,
			);
			runOnlyForDeploymentPostprocessing = 0;
		};
/* End PBXResourcesBuildPhase section */

/* Begin PBXShellScriptBuildPhase section */
		D2C7044EA91284C3B305B6A0 /* [CP] Check Pods Manifest.lock */ = {
			isa = PBXShellScriptBuildPhase;
			buildActionMask = 2147483647;
			files = (
			);
			inputFileListPaths = (
			);
			inputPaths = (
				"${PODS_PODFILE_DIR_PATH}/Podfile.lock",
				"${PODS_ROOT}/Manifest.lock",
			);
			name = "[CP] Check Pods Manifest.lock";
			outputFileListPaths = (
			);
			outputPaths = (
				"$(DERIVED_FILE_DIR)/Pods-ChatApplication-checkManifestLockResult.txt",
			);
			runOnlyForDeploymentPostprocessing = 0;
			shellPath = /bin/sh;
			shellScript = "diff \"${PODS_PODFILE_DIR_PATH}/Podfile.lock\" \"${PODS_ROOT}/Manifest.lock\" > /dev/null\nif [ $? != 0 ] ; then\n    # print error to STDERR\n    echo \"error: The sandbox is not in sync with the Podfile.lock. Run 'pod install' or update your CocoaPods installation.\" >&2\n    exit 1\nfi\n# This output is used by Xcode 'outputs' to avoid re-running this script phase.\necho \"SUCCESS\" > \"${SCRIPT_OUTPUT_FILE_0}\"\n";
			showEnvVarsInLog = 0;
		};
		D53F5903F63077C7AA3DD544 /* [CP] Embed Pods Frameworks */ = {
			isa = PBXShellScriptBuildPhase;
			buildActionMask = 2147483647;
			files = (
			);
			inputFileListPaths = (
				"${PODS_ROOT}/Target Support Files/Pods-ChatApplication/Pods-ChatApplication-frameworks-${CONFIGURATION}-input-files.xcfilelist",
			);
			name = "[CP] Embed Pods Frameworks";
			outputFileListPaths = (
				"${PODS_ROOT}/Target Support Files/Pods-ChatApplication/Pods-ChatApplication-frameworks-${CONFIGURATION}-output-files.xcfilelist",
			);
			runOnlyForDeploymentPostprocessing = 0;
			shellPath = /bin/sh;
			shellScript = "\"${PODS_ROOT}/Target Support Files/Pods-ChatApplication/Pods-ChatApplication-frameworks.sh\"\n";
			showEnvVarsInLog = 0;
		};
/* End PBXShellScriptBuildPhase section */

/* Begin PBXSourcesBuildPhase section */
		F6A4E7942499E5A50032798F /* Sources */ = {
			isa = PBXSourcesBuildPhase;
			buildActionMask = 2147483647;
			files = (
				F6A4E7B5249A0E670032798F /* MessagesVC.swift in Sources */,
				F6A4E7BD24A1C5030032798F /* PubNubHelper.swift in Sources */,
				F6A4E7B9249A0E9D0032798F /* MessagesTableViewCell.swift in Sources */,
				F6A4E7B3249A0E580032798F /* ChatsVC.swift in Sources */,
				F6A4E7A62499E5A50032798F /* ChatApplication.xcdatamodeld in Sources */,
				F6A4E7A02499E5A50032798F /* ViewController.swift in Sources */,
				F6440ECA24A77B5800FB7A1F /* Message.swift in Sources */,
				F689AF9724A9F29B00E87180 /* Spinner.swift in Sources */,
				F6A4E7BB249A537F0032798F /* User.swift in Sources */,
				F6A4E79C2499E5A50032798F /* AppDelegate.swift in Sources */,
				F6A4E79E2499E5A50032798F /* SceneDelegate.swift in Sources */,
				F6A4E7B7249A0E8D0032798F /* ChatsTableViewCell.swift in Sources */,
			);
			runOnlyForDeploymentPostprocessing = 0;
		};
/* End PBXSourcesBuildPhase section */

/* Begin PBXVariantGroup section */
		F6A4E7A12499E5A50032798F /* Main.storyboard */ = {
			isa = PBXVariantGroup;
			children = (
				F6A4E7A22499E5A50032798F /* Base */,
			);
			name = Main.storyboard;
			sourceTree = "<group>";
		};
		F6A4E7A92499E5A90032798F /* LaunchScreen.storyboard */ = {
			isa = PBXVariantGroup;
			children = (
				F6A4E7AA2499E5A90032798F /* Base */,
			);
			name = LaunchScreen.storyboard;
			sourceTree = "<group>";
		};
/* End PBXVariantGroup section */

/* Begin XCBuildConfiguration section */
		F6A4E7AD2499E5A90032798F /* Debug */ = {
			isa = XCBuildConfiguration;
			buildSettings = {
				ALWAYS_SEARCH_USER_PATHS = NO;
				CLANG_ANALYZER_NONNULL = YES;
				CLANG_ANALYZER_NUMBER_OBJECT_CONVERSION = YES_AGGRESSIVE;
				CLANG_CXX_LANGUAGE_STANDARD = "gnu++14";
				CLANG_CXX_LIBRARY = "libc++";
				CLANG_ENABLE_MODULES = YES;
				CLANG_ENABLE_OBJC_ARC = YES;
				CLANG_ENABLE_OBJC_WEAK = YES;
				CLANG_WARN_BLOCK_CAPTURE_AUTORELEASING = YES;
				CLANG_WARN_BOOL_CONVERSION = YES;
				CLANG_WARN_COMMA = YES;
				CLANG_WARN_CONSTANT_CONVERSION = YES;
				CLANG_WARN_DEPRECATED_OBJC_IMPLEMENTATIONS = YES;
				CLANG_WARN_DIRECT_OBJC_ISA_USAGE = YES_ERROR;
				CLANG_WARN_DOCUMENTATION_COMMENTS = YES;
				CLANG_WARN_EMPTY_BODY = YES;
				CLANG_WARN_ENUM_CONVERSION = YES;
				CLANG_WARN_INFINITE_RECURSION = YES;
				CLANG_WARN_INT_CONVERSION = YES;
				CLANG_WARN_NON_LITERAL_NULL_CONVERSION = YES;
				CLANG_WARN_OBJC_IMPLICIT_RETAIN_SELF = YES;
				CLANG_WARN_OBJC_LITERAL_CONVERSION = YES;
				CLANG_WARN_OBJC_ROOT_CLASS = YES_ERROR;
				CLANG_WARN_RANGE_LOOP_ANALYSIS = YES;
				CLANG_WARN_STRICT_PROTOTYPES = YES;
				CLANG_WARN_SUSPICIOUS_MOVE = YES;
				CLANG_WARN_UNGUARDED_AVAILABILITY = YES_AGGRESSIVE;
				CLANG_WARN_UNREACHABLE_CODE = YES;
				CLANG_WARN__DUPLICATE_METHOD_MATCH = YES;
				COPY_PHASE_STRIP = NO;
				DEBUG_INFORMATION_FORMAT = dwarf;
				ENABLE_STRICT_OBJC_MSGSEND = YES;
				ENABLE_TESTABILITY = YES;
				GCC_C_LANGUAGE_STANDARD = gnu11;
				GCC_DYNAMIC_NO_PIC = NO;
				GCC_NO_COMMON_BLOCKS = YES;
				GCC_OPTIMIZATION_LEVEL = 0;
				GCC_PREPROCESSOR_DEFINITIONS = (
					"DEBUG=1",
					"$(inherited)",
				);
				GCC_WARN_64_TO_32_BIT_CONVERSION = YES;
				GCC_WARN_ABOUT_RETURN_TYPE = YES_ERROR;
				GCC_WARN_UNDECLARED_SELECTOR = YES;
				GCC_WARN_UNINITIALIZED_AUTOS = YES_AGGRESSIVE;
				GCC_WARN_UNUSED_FUNCTION = YES;
				GCC_WARN_UNUSED_VARIABLE = YES;
				IPHONEOS_DEPLOYMENT_TARGET = 13.5;
				MTL_ENABLE_DEBUG_INFO = INCLUDE_SOURCE;
				MTL_FAST_MATH = YES;
				ONLY_ACTIVE_ARCH = YES;
				SDKROOT = iphoneos;
				SWIFT_ACTIVE_COMPILATION_CONDITIONS = DEBUG;
				SWIFT_OPTIMIZATION_LEVEL = "-Onone";
			};
			name = Debug;
		};
		F6A4E7AE2499E5A90032798F /* Release */ = {
			isa = XCBuildConfiguration;
			buildSettings = {
				ALWAYS_SEARCH_USER_PATHS = NO;
				CLANG_ANALYZER_NONNULL = YES;
				CLANG_ANALYZER_NUMBER_OBJECT_CONVERSION = YES_AGGRESSIVE;
				CLANG_CXX_LANGUAGE_STANDARD = "gnu++14";
				CLANG_CXX_LIBRARY = "libc++";
				CLANG_ENABLE_MODULES = YES;
				CLANG_ENABLE_OBJC_ARC = YES;
				CLANG_ENABLE_OBJC_WEAK = YES;
				CLANG_WARN_BLOCK_CAPTURE_AUTORELEASING = YES;
				CLANG_WARN_BOOL_CONVERSION = YES;
				CLANG_WARN_COMMA = YES;
				CLANG_WARN_CONSTANT_CONVERSION = YES;
				CLANG_WARN_DEPRECATED_OBJC_IMPLEMENTATIONS = YES;
				CLANG_WARN_DIRECT_OBJC_ISA_USAGE = YES_ERROR;
				CLANG_WARN_DOCUMENTATION_COMMENTS = YES;
				CLANG_WARN_EMPTY_BODY = YES;
				CLANG_WARN_ENUM_CONVERSION = YES;
				CLANG_WARN_INFINITE_RECURSION = YES;
				CLANG_WARN_INT_CONVERSION = YES;
				CLANG_WARN_NON_LITERAL_NULL_CONVERSION = YES;
				CLANG_WARN_OBJC_IMPLICIT_RETAIN_SELF = YES;
				CLANG_WARN_OBJC_LITERAL_CONVERSION = YES;
				CLANG_WARN_OBJC_ROOT_CLASS = YES_ERROR;
				CLANG_WARN_RANGE_LOOP_ANALYSIS = YES;
				CLANG_WARN_STRICT_PROTOTYPES = YES;
				CLANG_WARN_SUSPICIOUS_MOVE = YES;
				CLANG_WARN_UNGUARDED_AVAILABILITY = YES_AGGRESSIVE;
				CLANG_WARN_UNREACHABLE_CODE = YES;
				CLANG_WARN__DUPLICATE_METHOD_MATCH = YES;
				COPY_PHASE_STRIP = NO;
				DEBUG_INFORMATION_FORMAT = "dwarf-with-dsym";
				ENABLE_NS_ASSERTIONS = NO;
				ENABLE_STRICT_OBJC_MSGSEND = YES;
				GCC_C_LANGUAGE_STANDARD = gnu11;
				GCC_NO_COMMON_BLOCKS = YES;
				GCC_WARN_64_TO_32_BIT_CONVERSION = YES;
				GCC_WARN_ABOUT_RETURN_TYPE = YES_ERROR;
				GCC_WARN_UNDECLARED_SELECTOR = YES;
				GCC_WARN_UNINITIALIZED_AUTOS = YES_AGGRESSIVE;
				GCC_WARN_UNUSED_FUNCTION = YES;
				GCC_WARN_UNUSED_VARIABLE = YES;
				IPHONEOS_DEPLOYMENT_TARGET = 13.5;
				MTL_ENABLE_DEBUG_INFO = NO;
				MTL_FAST_MATH = YES;
				SDKROOT = iphoneos;
				SWIFT_COMPILATION_MODE = wholemodule;
				SWIFT_OPTIMIZATION_LEVEL = "-O";
				VALIDATE_PRODUCT = YES;
			};
			name = Release;
		};
		F6A4E7B02499E5A90032798F /* Debug */ = {
			isa = XCBuildConfiguration;
			baseConfigurationReference = BCB4D04C81B281131051542A /* Pods-ChatApplication.debug.xcconfig */;
			buildSettings = {
				ASSETCATALOG_COMPILER_APPICON_NAME = AppIcon;
				CODE_SIGN_STYLE = Automatic;
				INFOPLIST_FILE = ChatApplication/Info.plist;
				LD_RUNPATH_SEARCH_PATHS = (
					"$(inherited)",
					"@executable_path/Frameworks",
				);
				PRODUCT_BUNDLE_IDENTIFIER = com.infiny.ChatApplication;
				PRODUCT_NAME = "$(TARGET_NAME)";
				SWIFT_VERSION = 5.0;
				TARGETED_DEVICE_FAMILY = "1,2";
			};
			name = Debug;
		};
		F6A4E7B12499E5A90032798F /* Release */ = {
			isa = XCBuildConfiguration;
			baseConfigurationReference = 6B0B7C39C4B3857B392EEE72 /* Pods-ChatApplication.release.xcconfig */;
			buildSettings = {
				ASSETCATALOG_COMPILER_APPICON_NAME = AppIcon;
				CODE_SIGN_STYLE = Automatic;
				INFOPLIST_FILE = ChatApplication/Info.plist;
				LD_RUNPATH_SEARCH_PATHS = (
					"$(inherited)",
					"@executable_path/Frameworks",
				);
				PRODUCT_BUNDLE_IDENTIFIER = com.infiny.ChatApplication;
				PRODUCT_NAME = "$(TARGET_NAME)";
				SWIFT_VERSION = 5.0;
				TARGETED_DEVICE_FAMILY = "1,2";
			};
			name = Release;
		};
/* End XCBuildConfiguration section */

/* Begin XCConfigurationList section */
		F6A4E7932499E5A50032798F /* Build configuration list for PBXProject "ChatApplication" */ = {
			isa = XCConfigurationList;
			buildConfigurations = (
				F6A4E7AD2499E5A90032798F /* Debug */,
				F6A4E7AE2499E5A90032798F /* Release */,
			);
			defaultConfigurationIsVisible = 0;
			defaultConfigurationName = Release;
		};
		F6A4E7AF2499E5A90032798F /* Build configuration list for PBXNativeTarget "ChatApplication" */ = {
			isa = XCConfigurationList;
			buildConfigurations = (
				F6A4E7B02499E5A90032798F /* Debug */,
				F6A4E7B12499E5A90032798F /* Release */,
			);
			defaultConfigurationIsVisible = 0;
			defaultConfigurationName = Release;
		};
/* End XCConfigurationList section */

/* Begin XCVersionGroup section */
		F6A4E7A42499E5A50032798F /* ChatApplication.xcdatamodeld */ = {
			isa = XCVersionGroup;
			children = (
				F6A4E7A52499E5A50032798F /* ChatApplication.xcdatamodel */,
			);
			currentVersion = F6A4E7A52499E5A50032798F /* ChatApplication.xcdatamodel */;
			path = ChatApplication.xcdatamodeld;
			sourceTree = "<group>";
			versionGroupType = wrapper.xcdatamodel;
		};
/* End XCVersionGroup section */
	};
	rootObject = F6A4E7902499E5A50032798F /* Project object */;
}
